// !$*UTF8*$!
{
	archiveVersion = 1;
	classes = {
	};
	objectVersion = 50;
	objects = {

/* Begin PBXBuildFile section */
		1BAFA3377861F19DA9621520 /* Pods_petBuddy.framework in Frameworks */ = {isa = PBXBuildFile; fileRef = 043E396C6DDACE3E13F45660 /* Pods_petBuddy.framework */; };
		4921760E216072C700172CF0 /* LoginViewController.swift in Sources */ = {isa = PBXBuildFile; fileRef = 4921760D216072C700172CF0 /* LoginViewController.swift */; };
		49285A6321616CFD0025A159 /* AuthViewController.swift in Sources */ = {isa = PBXBuildFile; fileRef = 49285A6221616CFD0025A159 /* AuthViewController.swift */; };
		4934BEA2215D5FA0009DD717 /* AppDelegate.swift in Sources */ = {isa = PBXBuildFile; fileRef = 4934BEA1215D5FA0009DD717 /* AppDelegate.swift */; };
		4934BEA7215D5FA0009DD717 /* Main.storyboard in Resources */ = {isa = PBXBuildFile; fileRef = 4934BEA5215D5FA0009DD717 /* Main.storyboard */; };
		4934BEA9215D5FA2009DD717 /* Assets.xcassets in Resources */ = {isa = PBXBuildFile; fileRef = 4934BEA8215D5FA2009DD717 /* Assets.xcassets */; };
		4934BEAC215D5FA2009DD717 /* LaunchScreen.storyboard in Resources */ = {isa = PBXBuildFile; fileRef = 4934BEAA215D5FA2009DD717 /* LaunchScreen.storyboard */; };
		4934BEB4215D60DB009DD717 /* GoogleService-Info.plist in Resources */ = {isa = PBXBuildFile; fileRef = 4934BEB3215D60DB009DD717 /* GoogleService-Info.plist */; };
		49A5F00221603784000D77C1 /* DataService.swift in Sources */ = {isa = PBXBuildFile; fileRef = 49A5F00121603784000D77C1 /* DataService.swift */; };
		49A5F00421604355000D77C1 /* AuthService.swift in Sources */ = {isa = PBXBuildFile; fileRef = 49A5F00321604355000D77C1 /* AuthService.swift */; };
		49A5F0062160504C000D77C1 /* FeedViewController.swift in Sources */ = {isa = PBXBuildFile; fileRef = 49A5F0052160504C000D77C1 /* FeedViewController.swift */; };
		49A5F00821605058000D77C1 /* GroupsViewController.swift in Sources */ = {isa = PBXBuildFile; fileRef = 49A5F00721605058000D77C1 /* GroupsViewController.swift */; };
		49E27911215EDE260090D9CE /* Doggo.swift in Sources */ = {isa = PBXBuildFile; fileRef = 49E27910215EDE260090D9CE /* Doggo.swift */; };
		49E27913215F25180090D9CE /* User.swift in Sources */ = {isa = PBXBuildFile; fileRef = 49E27912215F25180090D9CE /* User.swift */; };
/* End PBXBuildFile section */

/* Begin PBXFileReference section */
		043E396C6DDACE3E13F45660 /* Pods_petBuddy.framework */ = {isa = PBXFileReference; explicitFileType = wrapper.framework; includeInIndex = 0; path = Pods_petBuddy.framework; sourceTree = BUILT_PRODUCTS_DIR; };
		4921760D216072C700172CF0 /* LoginViewController.swift */ = {isa = PBXFileReference; lastKnownFileType = sourcecode.swift; path = LoginViewController.swift; sourceTree = "<group>"; };
		49285A6221616CFD0025A159 /* AuthViewController.swift */ = {isa = PBXFileReference; lastKnownFileType = sourcecode.swift; path = AuthViewController.swift; sourceTree = "<group>"; };
		4934BE9E215D5FA0009DD717 /* petBuddy.app */ = {isa = PBXFileReference; explicitFileType = wrapper.application; includeInIndex = 0; path = petBuddy.app; sourceTree = BUILT_PRODUCTS_DIR; };
		4934BEA1215D5FA0009DD717 /* AppDelegate.swift */ = {isa = PBXFileReference; lastKnownFileType = sourcecode.swift; path = AppDelegate.swift; sourceTree = "<group>"; };
		4934BEA6215D5FA0009DD717 /* Base */ = {isa = PBXFileReference; lastKnownFileType = file.storyboard; name = Base; path = Base.lproj/Main.storyboard; sourceTree = "<group>"; };
		4934BEA8215D5FA2009DD717 /* Assets.xcassets */ = {isa = PBXFileReference; lastKnownFileType = folder.assetcatalog; path = Assets.xcassets; sourceTree = "<group>"; };
		4934BEAB215D5FA2009DD717 /* Base */ = {isa = PBXFileReference; lastKnownFileType = file.storyboard; name = Base; path = Base.lproj/LaunchScreen.storyboard; sourceTree = "<group>"; };
		4934BEAD215D5FA2009DD717 /* Info.plist */ = {isa = PBXFileReference; lastKnownFileType = text.plist.xml; path = Info.plist; sourceTree = "<group>"; };
		4934BEB3215D60DB009DD717 /* GoogleService-Info.plist */ = {isa = PBXFileReference; fileEncoding = 4; lastKnownFileType = text.plist.xml; path = "GoogleService-Info.plist"; sourceTree = "<group>"; };
		49A5F00121603784000D77C1 /* DataService.swift */ = {isa = PBXFileReference; lastKnownFileType = sourcecode.swift; path = DataService.swift; sourceTree = "<group>"; };
		49A5F00321604355000D77C1 /* AuthService.swift */ = {isa = PBXFileReference; lastKnownFileType = sourcecode.swift; path = AuthService.swift; sourceTree = "<group>"; };
		49A5F0052160504C000D77C1 /* FeedViewController.swift */ = {isa = PBXFileReference; lastKnownFileType = sourcecode.swift; path = FeedViewController.swift; sourceTree = "<group>"; };
		49A5F00721605058000D77C1 /* GroupsViewController.swift */ = {isa = PBXFileReference; lastKnownFileType = sourcecode.swift; path = GroupsViewController.swift; sourceTree = "<group>"; };
		49E27910215EDE260090D9CE /* Doggo.swift */ = {isa = PBXFileReference; lastKnownFileType = sourcecode.swift; path = Doggo.swift; sourceTree = "<group>"; };
		49E27912215F25180090D9CE /* User.swift */ = {isa = PBXFileReference; lastKnownFileType = sourcecode.swift; path = User.swift; sourceTree = "<group>"; };
		505486C1C08DD880B8C6051F /* Pods-petBuddy.release.xcconfig */ = {isa = PBXFileReference; includeInIndex = 1; lastKnownFileType = text.xcconfig; name = "Pods-petBuddy.release.xcconfig"; path = "Pods/Target Support Files/Pods-petBuddy/Pods-petBuddy.release.xcconfig"; sourceTree = "<group>"; };
		698613600C6C97152B4D6D5B /* Pods-petBuddy.debug.xcconfig */ = {isa = PBXFileReference; includeInIndex = 1; lastKnownFileType = text.xcconfig; name = "Pods-petBuddy.debug.xcconfig"; path = "Pods/Target Support Files/Pods-petBuddy/Pods-petBuddy.debug.xcconfig"; sourceTree = "<group>"; };
/* End PBXFileReference section */

/* Begin PBXFrameworksBuildPhase section */
		4934BE9B215D5FA0009DD717 /* Frameworks */ = {
			isa = PBXFrameworksBuildPhase;
			buildActionMask = 2147483647;
			files = (
				1BAFA3377861F19DA9621520 /* Pods_petBuddy.framework in Frameworks */,
			);
			runOnlyForDeploymentPostprocessing = 0;
		};
/* End PBXFrameworksBuildPhase section */

/* Begin PBXGroup section */
		4934BE95215D5FA0009DD717 = {
			isa = PBXGroup;
			children = (
				4934BEA0215D5FA0009DD717 /* petBuddy */,
				4934BE9F215D5FA0009DD717 /* Products */,
				ABE41FAC52EDD8134DFEAAD2 /* Pods */,
				7B5563C5815DCE86837D8EA5 /* Frameworks */,
			);
			sourceTree = "<group>";
		};
		4934BE9F215D5FA0009DD717 /* Products */ = {
			isa = PBXGroup;
			children = (
				4934BE9E215D5FA0009DD717 /* petBuddy.app */,
			);
			name = Products;
			sourceTree = "<group>";
		};
		4934BEA0215D5FA0009DD717 /* petBuddy */ = {
			isa = PBXGroup;
			children = (
				49A5F0002160340D000D77C1 /* Services */,
				49A5EFFF216033A1000D77C1 /* Extensions */,
				49E2790F215EDD2C0090D9CE /* Model */,
				49E2790E215EDD240090D9CE /* Controller */,
				49E2790D215EDD090090D9CE /* View */,
				4934BEAD215D5FA2009DD717 /* Info.plist */,
				4934BEB3215D60DB009DD717 /* GoogleService-Info.plist */,
			);
			path = petBuddy;
			sourceTree = "<group>";
		};
		49A5EFFF216033A1000D77C1 /* Extensions */ = {
			isa = PBXGroup;
			children = (
			);
			path = Extensions;
			sourceTree = "<group>";
		};
		49A5F0002160340D000D77C1 /* Services */ = {
			isa = PBXGroup;
			children = (
				49A5F00121603784000D77C1 /* DataService.swift */,
				49A5F00321604355000D77C1 /* AuthService.swift */,
			);
			path = Services;
			sourceTree = "<group>";
		};
		49E2790D215EDD090090D9CE /* View */ = {
			isa = PBXGroup;
			children = (
				4934BEA5215D5FA0009DD717 /* Main.storyboard */,
				4934BEA8215D5FA2009DD717 /* Assets.xcassets */,
				4934BEAA215D5FA2009DD717 /* LaunchScreen.storyboard */,
			);
			path = View;
			sourceTree = "<group>";
		};
		49E2790E215EDD240090D9CE /* Controller */ = {
			isa = PBXGroup;
			children = (
				4934BEA1215D5FA0009DD717 /* AppDelegate.swift */,
				49A5F0052160504C000D77C1 /* FeedViewController.swift */,
				49A5F00721605058000D77C1 /* GroupsViewController.swift */,
				4921760D216072C700172CF0 /* LoginViewController.swift */,
				49285A6221616CFD0025A159 /* AuthViewController.swift */,
			);
			path = Controller;
			sourceTree = "<group>";
		};
		49E2790F215EDD2C0090D9CE /* Model */ = {
			isa = PBXGroup;
			children = (
				49E27910215EDE260090D9CE /* Doggo.swift */,
				49E27912215F25180090D9CE /* User.swift */,
			);
			path = Model;
			sourceTree = "<group>";
		};
		7B5563C5815DCE86837D8EA5 /* Frameworks */ = {
			isa = PBXGroup;
			children = (
				043E396C6DDACE3E13F45660 /* Pods_petBuddy.framework */,
			);
			name = Frameworks;
			sourceTree = "<group>";
		};
		ABE41FAC52EDD8134DFEAAD2 /* Pods */ = {
			isa = PBXGroup;
			children = (
				698613600C6C97152B4D6D5B /* Pods-petBuddy.debug.xcconfig */,
				505486C1C08DD880B8C6051F /* Pods-petBuddy.release.xcconfig */,
			);
			name = Pods;
			sourceTree = "<group>";
		};
/* End PBXGroup section */

/* Begin PBXNativeTarget section */
		4934BE9D215D5FA0009DD717 /* petBuddy */ = {
			isa = PBXNativeTarget;
			buildConfigurationList = 4934BEB0215D5FA2009DD717 /* Build configuration list for PBXNativeTarget "petBuddy" */;
			buildPhases = (
				0E83584A451D0556A1AA47B0 /* [CP] Check Pods Manifest.lock */,
				4934BE9A215D5FA0009DD717 /* Sources */,
				4934BE9B215D5FA0009DD717 /* Frameworks */,
				4934BE9C215D5FA0009DD717 /* Resources */,
				D4EC04CB55F46B3AD25E0EDF /* [CP] Embed Pods Frameworks */,
			);
			buildRules = (
			);
			dependencies = (
			);
			name = petBuddy;
			productName = petBuddy;
			productReference = 4934BE9E215D5FA0009DD717 /* petBuddy.app */;
			productType = "com.apple.product-type.application";
		};
/* End PBXNativeTarget section */

/* Begin PBXProject section */
		4934BE96215D5FA0009DD717 /* Project object */ = {
			isa = PBXProject;
			attributes = {
				LastSwiftUpdateCheck = 1000;
				LastUpgradeCheck = 1000;
				ORGANIZATIONNAME = "Lisa Olson";
				TargetAttributes = {
					4934BE9D215D5FA0009DD717 = {
						CreatedOnToolsVersion = 10.0;
					};
				};
			};
			buildConfigurationList = 4934BE99215D5FA0009DD717 /* Build configuration list for PBXProject "petBuddy" */;
			compatibilityVersion = "Xcode 9.3";
			developmentRegion = en;
			hasScannedForEncodings = 0;
			knownRegions = (
				en,
				Base,
			);
			mainGroup = 4934BE95215D5FA0009DD717;
			productRefGroup = 4934BE9F215D5FA0009DD717 /* Products */;
			projectDirPath = "";
			projectRoot = "";
			targets = (
				4934BE9D215D5FA0009DD717 /* petBuddy */,
			);
		};
/* End PBXProject section */

/* Begin PBXResourcesBuildPhase section */
		4934BE9C215D5FA0009DD717 /* Resources */ = {
			isa = PBXResourcesBuildPhase;
			buildActionMask = 2147483647;
			files = (
				4934BEAC215D5FA2009DD717 /* LaunchScreen.storyboard in Resources */,
				4934BEB4215D60DB009DD717 /* GoogleService-Info.plist in Resources */,
				4934BEA9215D5FA2009DD717 /* Assets.xcassets in Resources */,
				4934BEA7215D5FA0009DD717 /* Main.storyboard in Resources */,
			);
			runOnlyForDeploymentPostprocessing = 0;
		};
/* End PBXResourcesBuildPhase section */

/* Begin PBXShellScriptBuildPhase section */
		0E83584A451D0556A1AA47B0 /* [CP] Check Pods Manifest.lock */ = {
			isa = PBXShellScriptBuildPhase;
			buildActionMask = 2147483647;
			files = (
			);
			inputFileListPaths = (
			);
			inputPaths = (
				"${PODS_PODFILE_DIR_PATH}/Podfile.lock",
				"${PODS_ROOT}/Manifest.lock",
			);
			name = "[CP] Check Pods Manifest.lock";
			outputFileListPaths = (
			);
			outputPaths = (
				"$(DERIVED_FILE_DIR)/Pods-petBuddy-checkManifestLockResult.txt",
			);
			runOnlyForDeploymentPostprocessing = 0;
			shellPath = /bin/sh;
			shellScript = "diff \"${PODS_PODFILE_DIR_PATH}/Podfile.lock\" \"${PODS_ROOT}/Manifest.lock\" > /dev/null\nif [ $? != 0 ] ; then\n    # print error to STDERR\n    echo \"error: The sandbox is not in sync with the Podfile.lock. Run 'pod install' or update your CocoaPods installation.\" >&2\n    exit 1\nfi\n# This output is used by Xcode 'outputs' to avoid re-running this script phase.\necho \"SUCCESS\" > \"${SCRIPT_OUTPUT_FILE_0}\"\n";
			showEnvVarsInLog = 0;
		};
		D4EC04CB55F46B3AD25E0EDF /* [CP] Embed Pods Frameworks */ = {
			isa = PBXShellScriptBuildPhase;
			buildActionMask = 2147483647;
			files = (
			);
			inputFileListPaths = (
			);
			inputPaths = (
				"${SRCROOT}/Pods/Target Support Files/Pods-petBuddy/Pods-petBuddy-frameworks.sh",
				"${BUILT_PRODUCTS_DIR}/ChameleonFramework/ChameleonFramework.framework",
				"${BUILT_PRODUCTS_DIR}/GTMSessionFetcher/GTMSessionFetcher.framework",
				"${BUILT_PRODUCTS_DIR}/GoogleUtilities/GoogleUtilities.framework",
				"${BUILT_PRODUCTS_DIR}/SVProgressHUD/SVProgressHUD.framework",
				"${BUILT_PRODUCTS_DIR}/leveldb-library/leveldb.framework",
				"${BUILT_PRODUCTS_DIR}/nanopb/nanopb.framework",
			);
			name = "[CP] Embed Pods Frameworks";
			outputFileListPaths = (
			);
			outputPaths = (
				"${TARGET_BUILD_DIR}/${FRAMEWORKS_FOLDER_PATH}/ChameleonFramework.framework",
				"${TARGET_BUILD_DIR}/${FRAMEWORKS_FOLDER_PATH}/GTMSessionFetcher.framework",
				"${TARGET_BUILD_DIR}/${FRAMEWORKS_FOLDER_PATH}/GoogleUtilities.framework",
				"${TARGET_BUILD_DIR}/${FRAMEWORKS_FOLDER_PATH}/SVProgressHUD.framework",
				"${TARGET_BUILD_DIR}/${FRAMEWORKS_FOLDER_PATH}/leveldb.framework",
				"${TARGET_BUILD_DIR}/${FRAMEWORKS_FOLDER_PATH}/nanopb.framework",
			);
			runOnlyForDeploymentPostprocessing = 0;
			shellPath = /bin/sh;
			shellScript = "\"${SRCROOT}/Pods/Target Support Files/Pods-petBuddy/Pods-petBuddy-frameworks.sh\"\n";
			showEnvVarsInLog = 0;
		};
/* End PBXShellScriptBuildPhase section */

/* Begin PBXSourcesBuildPhase section */
		4934BE9A215D5FA0009DD717 /* Sources */ = {
			isa = PBXSourcesBuildPhase;
			buildActionMask = 2147483647;
			files = (
				4921760E216072C700172CF0 /* LoginViewController.swift in Sources */,
				49E27911215EDE260090D9CE /* Doggo.swift in Sources */,
				49285A6321616CFD0025A159 /* AuthViewController.swift in Sources */,
				4934BEA2215D5FA0009DD717 /* AppDelegate.swift in Sources */,
				49A5F00421604355000D77C1 /* AuthService.swift in Sources */,
				49A5F00821605058000D77C1 /* GroupsViewController.swift in Sources */,
				49E27913215F25180090D9CE /* User.swift in Sources */,
				49A5F00221603784000D77C1 /* DataService.swift in Sources */,
				49A5F0062160504C000D77C1 /* FeedViewController.swift in Sources */,
			);
			runOnlyForDeploymentPostprocessing = 0;
		};
/* End PBXSourcesBuildPhase section */

/* Begin PBXVariantGroup section */
		4934BEA5215D5FA0009DD717 /* Main.storyboard */ = {
			isa = PBXVariantGroup;
			children = (
				4934BEA6215D5FA0009DD717 /* Base */,
			);
			name = Main.storyboard;
			sourceTree = "<group>";
		};
		4934BEAA215D5FA2009DD717 /* LaunchScreen.storyboard */ = {
			isa = PBXVariantGroup;
			children = (
				4934BEAB215D5FA2009DD717 /* Base */,
			);
			name = LaunchScreen.storyboard;
			sourceTree = "<group>";
		};
/* End PBXVariantGroup section */

/* Begin XCBuildConfiguration section */
		4934BEAE215D5FA2009DD717 /* Debug */ = {
			isa = XCBuildConfiguration;
			buildSettings = {
				ALWAYS_SEARCH_USER_PATHS = NO;
				CLANG_ANALYZER_NONNULL = YES;
				CLANG_ANALYZER_NUMBER_OBJECT_CONVERSION = YES_AGGRESSIVE;
				CLANG_CXX_LANGUAGE_STANDARD = "gnu++14";
				CLANG_CXX_LIBRARY = "libc++";
				CLANG_ENABLE_MODULES = YES;
				CLANG_ENABLE_OBJC_ARC = YES;
				CLANG_ENABLE_OBJC_WEAK = YES;
				CLANG_WARN_BLOCK_CAPTURE_AUTORELEASING = YES;
				CLANG_WARN_BOOL_CONVERSION = YES;
				CLANG_WARN_COMMA = YES;
				CLANG_WARN_CONSTANT_CONVERSION = YES;
				CLANG_WARN_DEPRECATED_OBJC_IMPLEMENTATIONS = YES;
				CLANG_WARN_DIRECT_OBJC_ISA_USAGE = YES_ERROR;
				CLANG_WARN_DOCUMENTATION_COMMENTS = YES;
				CLANG_WARN_EMPTY_BODY = YES;
				CLANG_WARN_ENUM_CONVERSION = YES;
				CLANG_WARN_INFINITE_RECURSION = YES;
				CLANG_WARN_INT_CONVERSION = YES;
				CLANG_WARN_NON_LITERAL_NULL_CONVERSION = YES;
				CLANG_WARN_OBJC_IMPLICIT_RETAIN_SELF = YES;
				CLANG_WARN_OBJC_LITERAL_CONVERSION = YES;
				CLANG_WARN_OBJC_ROOT_CLASS = YES_ERROR;
				CLANG_WARN_RANGE_LOOP_ANALYSIS = YES;
				CLANG_WARN_STRICT_PROTOTYPES = YES;
				CLANG_WARN_SUSPICIOUS_MOVE = YES;
				CLANG_WARN_UNGUARDED_AVAILABILITY = YES_AGGRESSIVE;
				CLANG_WARN_UNREACHABLE_CODE = YES;
				CLANG_WARN__DUPLICATE_METHOD_MATCH = YES;
				CODE_SIGN_IDENTITY = "iPhone Developer";
				COPY_PHASE_STRIP = NO;
				DEBUG_INFORMATION_FORMAT = dwarf;
				ENABLE_STRICT_OBJC_MSGSEND = YES;
				ENABLE_TESTABILITY = YES;
				GCC_C_LANGUAGE_STANDARD = gnu11;
				GCC_DYNAMIC_NO_PIC = NO;
				GCC_NO_COMMON_BLOCKS = YES;
				GCC_OPTIMIZATION_LEVEL = 0;
				GCC_PREPROCESSOR_DEFINITIONS = (
					"DEBUG=1",
					"$(inherited)",
				);
				GCC_WARN_64_TO_32_BIT_CONVERSION = YES;
				GCC_WARN_ABOUT_RETURN_TYPE = YES_ERROR;
				GCC_WARN_UNDECLARED_SELECTOR = YES;
				GCC_WARN_UNINITIALIZED_AUTOS = YES_AGGRESSIVE;
				GCC_WARN_UNUSED_FUNCTION = YES;
				GCC_WARN_UNUSED_VARIABLE = YES;
				IPHONEOS_DEPLOYMENT_TARGET = 12.0;
				MTL_ENABLE_DEBUG_INFO = INCLUDE_SOURCE;
				MTL_FAST_MATH = YES;
				ONLY_ACTIVE_ARCH = YES;
				SDKROOT = iphoneos;
				SWIFT_ACTIVE_COMPILATION_CONDITIONS = DEBUG;
				SWIFT_OPTIMIZATION_LEVEL = "-Onone";
			};
			name = Debug;
		};
		4934BEAF215D5FA2009DD717 /* Release */ = {
			isa = XCBuildConfiguration;
			buildSettings = {
				ALWAYS_SEARCH_USER_PATHS = NO;
				CLANG_ANALYZER_NONNULL = YES;
				CLANG_ANALYZER_NUMBER_OBJECT_CONVERSION = YES_AGGRESSIVE;
				CLANG_CXX_LANGUAGE_STANDARD = "gnu++14";
				CLANG_CXX_LIBRARY = "libc++";
				CLANG_ENABLE_MODULES = YES;
				CLANG_ENABLE_OBJC_ARC = YES;
				CLANG_ENABLE_OBJC_WEAK = YES;
				CLANG_WARN_BLOCK_CAPTURE_AUTORELEASING = YES;
				CLANG_WARN_BOOL_CONVERSION = YES;
				CLANG_WARN_COMMA = YES;
				CLANG_WARN_CONSTANT_CONVERSION = YES;
				CLANG_WARN_DEPRECATED_OBJC_IMPLEMENTATIONS = YES;
				CLANG_WARN_DIRECT_OBJC_ISA_USAGE = YES_ERROR;
				CLANG_WARN_DOCUMENTATION_COMMENTS = YES;
				CLANG_WARN_EMPTY_BODY = YES;
				CLANG_WARN_ENUM_CONVERSION = YES;
				CLANG_WARN_INFINITE_RECURSION = YES;
				CLANG_WARN_INT_CONVERSION = YES;
				CLANG_WARN_NON_LITERAL_NULL_CONVERSION = YES;
				CLANG_WARN_OBJC_IMPLICIT_RETAIN_SELF = YES;
				CLANG_WARN_OBJC_LITERAL_CONVERSION = YES;
				CLANG_WARN_OBJC_ROOT_CLASS = YES_ERROR;
				CLANG_WARN_RANGE_LOOP_ANALYSIS = YES;
				CLANG_WARN_STRICT_PROTOTYPES = YES;
				CLANG_WARN_SUSPICIOUS_MOVE = YES;
				CLANG_WARN_UNGUARDED_AVAILABILITY = YES_AGGRESSIVE;
				CLANG_WARN_UNREACHABLE_CODE = YES;
				CLANG_WARN__DUPLICATE_METHOD_MATCH = YES;
				CODE_SIGN_IDENTITY = "iPhone Developer";
				COPY_PHASE_STRIP = NO;
				DEBUG_INFORMATION_FORMAT = "dwarf-with-dsym";
				ENABLE_NS_ASSERTIONS = NO;
				ENABLE_STRICT_OBJC_MSGSEND = YES;
				GCC_C_LANGUAGE_STANDARD = gnu11;
				GCC_NO_COMMON_BLOCKS = YES;
				GCC_WARN_64_TO_32_BIT_CONVERSION = YES;
				GCC_WARN_ABOUT_RETURN_TYPE = YES_ERROR;
				GCC_WARN_UNDECLARED_SELECTOR = YES;
				GCC_WARN_UNINITIALIZED_AUTOS = YES_AGGRESSIVE;
				GCC_WARN_UNUSED_FUNCTION = YES;
				GCC_WARN_UNUSED_VARIABLE = YES;
				IPHONEOS_DEPLOYMENT_TARGET = 12.0;
				MTL_ENABLE_DEBUG_INFO = NO;
				MTL_FAST_MATH = YES;
				SDKROOT = iphoneos;
				SWIFT_COMPILATION_MODE = wholemodule;
				SWIFT_OPTIMIZATION_LEVEL = "-O";
				VALIDATE_PRODUCT = YES;
			};
			name = Release;
		};
		4934BEB1215D5FA2009DD717 /* Debug */ = {
			isa = XCBuildConfiguration;
			baseConfigurationReference = 698613600C6C97152B4D6D5B /* Pods-petBuddy.debug.xcconfig */;
			buildSettings = {
				ASSETCATALOG_COMPILER_APPICON_NAME = AppIcon;
				CODE_SIGN_STYLE = Automatic;
				DEVELOPMENT_TEAM = X49C22R96P;
				INFOPLIST_FILE = petBuddy/Info.plist;
				LD_RUNPATH_SEARCH_PATHS = (
					"$(inherited)",
					"@executable_path/Frameworks",
				);
				PRODUCT_BUNDLE_IDENTIFIER = com.lisaolson.petBuddy;
				PRODUCT_NAME = "$(TARGET_NAME)";
				SWIFT_VERSION = 4.2;
				TARGETED_DEVICE_FAMILY = "1,2";
			};
			name = Debug;
		};
		4934BEB2215D5FA2009DD717 /* Release */ = {
			isa = XCBuildConfiguration;
			baseConfigurationReference = 505486C1C08DD880B8C6051F /* Pods-petBuddy.release.xcconfig */;
			buildSettings = {
				ASSETCATALOG_COMPILER_APPICON_NAME = AppIcon;
				CODE_SIGN_STYLE = Automatic;
				DEVELOPMENT_TEAM = X49C22R96P;
				INFOPLIST_FILE = petBuddy/Info.plist;
				LD_RUNPATH_SEARCH_PATHS = (
					"$(inherited)",
					"@executable_path/Frameworks",
				);
				PRODUCT_BUNDLE_IDENTIFIER = com.lisaolson.petBuddy;
				PRODUCT_NAME = "$(TARGET_NAME)";
				SWIFT_VERSION = 4.2;
				TARGETED_DEVICE_FAMILY = "1,2";
			};
			name = Release;
		};
/* End XCBuildConfiguration section */

/* Begin XCConfigurationList section */
		4934BE99215D5FA0009DD717 /* Build configuration list for PBXProject "petBuddy" */ = {
			isa = XCConfigurationList;
			buildConfigurations = (
				4934BEAE215D5FA2009DD717 /* Debug */,
				4934BEAF215D5FA2009DD717 /* Release */,
			);
			defaultConfigurationIsVisible = 0;
			defaultConfigurationName = Release;
		};
		4934BEB0215D5FA2009DD717 /* Build configuration list for PBXNativeTarget "petBuddy" */ = {
			isa = XCConfigurationList;
			buildConfigurations = (
				4934BEB1215D5FA2009DD717 /* Debug */,
				4934BEB2215D5FA2009DD717 /* Release */,
			);
			defaultConfigurationIsVisible = 0;
			defaultConfigurationName = Release;
		};
/* End XCConfigurationList section */
	};
	rootObject = 4934BE96215D5FA0009DD717 /* Project object */;
}
